
Microsoft Visual Studio Solution File, Format Version 12.00
# Visual Studio Version 17
VisualStudioVersion = 17.9.34728.123
MinimumVisualStudioVersion = 10.0.40219.1
Project("{9A19103F-16F7-4668-BE54-9A1E7A4F7556}") = "Project_Hippocrates_AvaloniaUI", "Project_Hippocrates\Project_Hippocrates_AvaloniaUI\Project_Hippocrates_AvaloniaUI.csproj", "{7FC8BAFA-F7BA-45C5-894C-AF9ED7745415}"
	ProjectSection(ProjectDependencies) = postProject
		{2ADB67D0-986A-4CB9-835D-9AC785DD74A2} = {2ADB67D0-986A-4CB9-835D-9AC785DD74A2}
	EndProjectSection
EndProject
Project("{9A19103F-16F7-4668-BE54-9A1E7A4F7556}") = "Project_Hippocrates_AvaloniaUI.Android", "Project_Hippocrates\Project_Hippocrates_AvaloniaUI.Android\Project_Hippocrates_AvaloniaUI.Android.csproj", "{644C3CDC-B7C1-4FFA-B405-1AD09D8F26E0}"
EndProject
Project("{9A19103F-16F7-4668-BE54-9A1E7A4F7556}") = "Project_Hippocrates_AvaloniaUI.Desktop", "Project_Hippocrates\Project_Hippocrates_AvaloniaUI.Desktop\Project_Hippocrates_AvaloniaUI.Desktop.csproj", "{644C3CDC-B7C1-4FFA-B405-1AD09D8F26B0}"
EndProject
Project("{9A19103F-16F7-4668-BE54-9A1E7A4F7556}") = "Project_Hippocrates.Core", "Project_Hippocrates.Core\Project_Hippocrates.Core.csproj", "{2ADB67D0-986A-4CB9-835D-9AC785DD74A2}"
EndProject
Project("{FAE04EC0-301F-11D3-BF4B-00C04F79EFBC}") = "Project_Hippocrates.Application", "Project_Hippocrates.Application\Project_Hippocrates.Application.csproj", "{7E8783AB-D7A2-4B51-B6DC-2C9AAD4786CA}"
EndProject
Project("{FAE04EC0-301F-11D3-BF4B-00C04F79EFBC}") = "Project_Hippocrates.TestEntityRepositories", "Project_Hippocrates.TestEntityRepositories\Project_Hippocrates.TestEntityRepositories.csproj", "{BF2C7185-14CD-47FA-8864-11934D600679}"
EndProject
Project("{FAE04EC0-301F-11D3-BF4B-00C04F79EFBC}") = "Project_Hippocrates.SQLite", "Project_Hippocrates.SQLite\Project_Hippocrates.SQLite.csproj", "{D1318547-C9B8-451F-B417-018BEDB99A1D}"
EndProject
Global
	GlobalSection(SolutionConfigurationPlatforms) = preSolution
		Debug|Any CPU = Debug|Any CPU
		Release|Any CPU = Release|Any CPU
	EndGlobalSection
	GlobalSection(ProjectConfigurationPlatforms) = postSolution
		{7FC8BAFA-F7BA-45C5-894C-AF9ED7745415}.Debug|Any CPU.ActiveCfg = Debug|Any CPU
		{7FC8BAFA-F7BA-45C5-894C-AF9ED7745415}.Debug|Any CPU.Build.0 = Debug|Any CPU
		{7FC8BAFA-F7BA-45C5-894C-AF9ED7745415}.Release|Any CPU.ActiveCfg = Release|Any CPU
		{7FC8BAFA-F7BA-45C5-894C-AF9ED7745415}.Release|Any CPU.Build.0 = Release|Any CPU
		{644C3CDC-B7C1-4FFA-B405-1AD09D8F26E0}.Debug|Any CPU.ActiveCfg = Debug|Any CPU
		{644C3CDC-B7C1-4FFA-B405-1AD09D8F26E0}.Debug|Any CPU.Build.0 = Debug|Any CPU
		{644C3CDC-B7C1-4FFA-B405-1AD09D8F26E0}.Debug|Any CPU.Deploy.0 = Debug|Any CPU
		{644C3CDC-B7C1-4FFA-B405-1AD09D8F26E0}.Release|Any CPU.ActiveCfg = Release|Any CPU
		{644C3CDC-B7C1-4FFA-B405-1AD09D8F26E0}.Release|Any CPU.Build.0 = Release|Any CPU
		{644C3CDC-B7C1-4FFA-B405-1AD09D8F26E0}.Release|Any CPU.Deploy.0 = Release|Any CPU
		{644C3CDC-B7C1-4FFA-B405-1AD09D8F26B0}.Debug|Any CPU.ActiveCfg = Debug|Any CPU
		{644C3CDC-B7C1-4FFA-B405-1AD09D8F26B0}.Debug|Any CPU.Build.0 = Debug|Any CPU
		{644C3CDC-B7C1-4FFA-B405-1AD09D8F26B0}.Release|Any CPU.ActiveCfg = Release|Any CPU
		{644C3CDC-B7C1-4FFA-B405-1AD09D8F26B0}.Release|Any CPU.Build.0 = Release|Any CPU
		{2ADB67D0-986A-4CB9-835D-9AC785DD74A2}.Debug|Any CPU.ActiveCfg = Debug|Any CPU
		{2ADB67D0-986A-4CB9-835D-9AC785DD74A2}.Debug|Any CPU.Build.0 = Debug|Any CPU
		{2ADB67D0-986A-4CB9-835D-9AC785DD74A2}.Release|Any CPU.ActiveCfg = Release|Any CPU
		{2ADB67D0-986A-4CB9-835D-9AC785DD74A2}.Release|Any CPU.Build.0 = Release|Any CPU
		{7E8783AB-D7A2-4B51-B6DC-2C9AAD4786CA}.Debug|Any CPU.ActiveCfg = Debug|Any CPU
		{7E8783AB-D7A2-4B51-B6DC-2C9AAD4786CA}.Debug|Any CPU.Build.0 = Debug|Any CPU
		{7E8783AB-D7A2-4B51-B6DC-2C9AAD4786CA}.Release|Any CPU.ActiveCfg = Release|Any CPU
		{7E8783AB-D7A2-4B51-B6DC-2C9AAD4786CA}.Release|Any CPU.Build.0 = Release|Any CPU
		{BF2C7185-14CD-47FA-8864-11934D600679}.Debug|Any CPU.ActiveCfg = Debug|Any CPU
		{BF2C7185-14CD-47FA-8864-11934D600679}.Debug|Any CPU.Build.0 = Debug|Any CPU
		{BF2C7185-14CD-47FA-8864-11934D600679}.Release|Any CPU.ActiveCfg = Release|Any CPU
		{BF2C7185-14CD-47FA-8864-11934D600679}.Release|Any CPU.Build.0 = Release|Any CPU
		{D1318547-C9B8-451F-B417-018BEDB99A1D}.Debug|Any CPU.ActiveCfg = Debug|Any CPU
		{D1318547-C9B8-451F-B417-018BEDB99A1D}.Debug|Any CPU.Build.0 = Debug|Any CPU
		{D1318547-C9B8-451F-B417-018BEDB99A1D}.Release|Any CPU.ActiveCfg = Release|Any CPU
		{D1318547-C9B8-451F-B417-018BEDB99A1D}.Release|Any CPU.Build.0 = Release|Any CPU
	EndGlobalSection
	GlobalSection(SolutionProperties) = preSolution
		HideSolutionNode = FALSE
	EndGlobalSection
	GlobalSection(ExtensibilityGlobals) = postSolution
		SolutionGuid = {E840230A-0239-497E-ADCB-9BBAEB05E57C}
	EndGlobalSection
EndGlobal
